PODS:
  - ConcentricProgressRingView (1.3.3)

DEPENDENCIES:
  - ConcentricProgressRingView (from `../`)

EXTERNAL SOURCES:
  ConcentricProgressRingView:
    :path: ../

SPEC CHECKSUMS:
  ConcentricProgressRingView: 0b2954fd9bb824d73018ad6eef5c46e226c4a862

PODFILE CHECKSUM: 88689029b19b71a6cd46cc066adf838e94d78466

COCOAPODS: 1.2.0
